// !$*UTF8*$!
{
	archiveVersion = 1;
	classes = {
	};
	objectVersion = 46;
	objects = {

/* Begin PBXBuildFile section */
		A81473871D6B6AE40070938C /* RxGeneratorViewController.swift in Sources */ = {isa = PBXBuildFile; fileRef = A81473861D6B6AE40070938C /* RxGeneratorViewController.swift */; };
		A81A26461B680C35004B6F25 /* ImageCache.swift in Sources */ = {isa = PBXBuildFile; fileRef = A81A26451B680C35004B6F25 /* ImageCache.swift */; };
		A81EB9A31BCD6DD400B06349 /* AddFavoriteViewController.swift in Sources */ = {isa = PBXBuildFile; fileRef = A81EB9A21BCD6DD400B06349 /* AddFavoriteViewController.swift */; };
		A82D22F51BD008A200FB1EF4 /* ManageFavoritesTableViewController.swift in Sources */ = {isa = PBXBuildFile; fileRef = A82D22F41BD008A200FB1EF4 /* ManageFavoritesTableViewController.swift */; };
		A84526991B837CDB00515D70 /* DiagnosisViewController.swift in Sources */ = {isa = PBXBuildFile; fileRef = A84526981B837CDB00515D70 /* DiagnosisViewController.swift */; };
		A84AC50E1B5D751700AEBEE1 /* IconViewController.swift in Sources */ = {isa = PBXBuildFile; fileRef = A84AC50D1B5D751700AEBEE1 /* IconViewController.swift */; };
		A8719FB11B61418B00913FCD /* RxViewController.swift in Sources */ = {isa = PBXBuildFile; fileRef = A8719FB01B61418B00913FCD /* RxViewController.swift */; };
		A874DFD71B960D9700C16A6C /* PTFavoritesViewController.swift in Sources */ = {isa = PBXBuildFile; fileRef = A874DFD61B960D9700C16A6C /* PTFavoritesViewController.swift */; };
		A876CB311B71059E001CE997 /* MapKit.framework in Frameworks */ = {isa = PBXBuildFile; fileRef = A876CB301B71059E001CE997 /* MapKit.framework */; };
		A883FCC91B8B7580002D273A /* PTMapViewController.swift in Sources */ = {isa = PBXBuildFile; fileRef = A883FCC81B8B7580002D273A /* PTMapViewController.swift */; };
		A88E56361B5FD9C600170159 /* TSClient.swift in Sources */ = {isa = PBXBuildFile; fileRef = A88E56351B5FD9C600170159 /* TSClient.swift */; };
		A88E56381B5FDB9400170159 /* CoreDataStack.swift in Sources */ = {isa = PBXBuildFile; fileRef = A88E56371B5FDB9400170159 /* CoreDataStack.swift */; };
		A88E563A1B5FDBCB00170159 /* TSData.swift in Sources */ = {isa = PBXBuildFile; fileRef = A88E56391B5FDBCB00170159 /* TSData.swift */; };
		A8AF79E71B78E9E6004A1619 /* TherapyRxViewController.swift in Sources */ = {isa = PBXBuildFile; fileRef = A8AF79E61B78E9E6004A1619 /* TherapyRxViewController.swift */; };
		A8B4AE8E1BB42B000049EA0D /* PTPractice.swift in Sources */ = {isa = PBXBuildFile; fileRef = A8B4AE8D1BB42B000049EA0D /* PTPractice.swift */; };
		A8B561121B752615008B9B1C /* Images.xcassets in Resources */ = {isa = PBXBuildFile; fileRef = A8B561111B752615008B9B1C /* Images.xcassets */; };
		A8DA46901B559D8900FFC950 /* AppDelegate.swift in Sources */ = {isa = PBXBuildFile; fileRef = A8DA468F1B559D8900FFC950 /* AppDelegate.swift */; };
		A8DA46931B559D8900FFC950 /* TheraScript.xcdatamodeld in Sources */ = {isa = PBXBuildFile; fileRef = A8DA46911B559D8900FFC950 /* TheraScript.xcdatamodeld */; };
		A8DA46951B559D8900FFC950 /* InfoViewController.swift in Sources */ = {isa = PBXBuildFile; fileRef = A8DA46941B559D8900FFC950 /* InfoViewController.swift */; };
		A8DA46981B559D8A00FFC950 /* Main.storyboard in Resources */ = {isa = PBXBuildFile; fileRef = A8DA46961B559D8A00FFC950 /* Main.storyboard */; };
		A8DA469D1B559D8A00FFC950 /* LaunchScreen.xib in Resources */ = {isa = PBXBuildFile; fileRef = A8DA469B1B559D8A00FFC950 /* LaunchScreen.xib */; };
		A8DA46A91B559D8A00FFC950 /* TheraScriptTests.swift in Sources */ = {isa = PBXBuildFile; fileRef = A8DA46A81B559D8A00FFC950 /* TheraScriptTests.swift */; };
		A8DDC6D31BB1E42800550E1B /* GeneratorViewController.swift in Sources */ = {isa = PBXBuildFile; fileRef = A8DDC6D21BB1E42800550E1B /* GeneratorViewController.swift */; };
		A8E800651B94FE9200C0E5A1 /* ManualPTViewController.swift in Sources */ = {isa = PBXBuildFile; fileRef = A8E800641B94FE9200C0E5A1 /* ManualPTViewController.swift */; };
		A8EB04811D64BDF400E7CDDB /* EditFavoriteViewController.swift in Sources */ = {isa = PBXBuildFile; fileRef = A8EB04801D64BDF400E7CDDB /* EditFavoriteViewController.swift */; };
/* End PBXBuildFile section */

/* Begin PBXContainerItemProxy section */
		A8DA46A31B559D8A00FFC950 /* PBXContainerItemProxy */ = {
			isa = PBXContainerItemProxy;
			containerPortal = A8DA46821B559D8900FFC950 /* Project object */;
			proxyType = 1;
			remoteGlobalIDString = A8DA46891B559D8900FFC950;
			remoteInfo = TheraScript;
		};
/* End PBXContainerItemProxy section */

/* Begin PBXFileReference section */
		A81473861D6B6AE40070938C /* RxGeneratorViewController.swift */ = {isa = PBXFileReference; fileEncoding = 4; lastKnownFileType = sourcecode.swift; path = RxGeneratorViewController.swift; sourceTree = "<group>"; };
		A81A26451B680C35004B6F25 /* ImageCache.swift */ = {isa = PBXFileReference; fileEncoding = 4; lastKnownFileType = sourcecode.swift; path = ImageCache.swift; sourceTree = "<group>"; };
		A81EB9A21BCD6DD400B06349 /* AddFavoriteViewController.swift */ = {isa = PBXFileReference; fileEncoding = 4; lastKnownFileType = sourcecode.swift; path = AddFavoriteViewController.swift; sourceTree = "<group>"; };
		A82D22F41BD008A200FB1EF4 /* ManageFavoritesTableViewController.swift */ = {isa = PBXFileReference; fileEncoding = 4; lastKnownFileType = sourcecode.swift; path = ManageFavoritesTableViewController.swift; sourceTree = "<group>"; };
		A84526981B837CDB00515D70 /* DiagnosisViewController.swift */ = {isa = PBXFileReference; fileEncoding = 4; lastKnownFileType = sourcecode.swift; path = DiagnosisViewController.swift; sourceTree = "<group>"; };
		A84AC50D1B5D751700AEBEE1 /* IconViewController.swift */ = {isa = PBXFileReference; fileEncoding = 4; lastKnownFileType = sourcecode.swift; path = IconViewController.swift; sourceTree = "<group>"; };
		A8719FB01B61418B00913FCD /* RxViewController.swift */ = {isa = PBXFileReference; fileEncoding = 4; lastKnownFileType = sourcecode.swift; path = RxViewController.swift; sourceTree = "<group>"; };
		A874DFD61B960D9700C16A6C /* PTFavoritesViewController.swift */ = {isa = PBXFileReference; fileEncoding = 4; lastKnownFileType = sourcecode.swift; path = PTFavoritesViewController.swift; sourceTree = "<group>"; };
		A876CB301B71059E001CE997 /* MapKit.framework */ = {isa = PBXFileReference; lastKnownFileType = wrapper.framework; name = MapKit.framework; path = System/Library/Frameworks/MapKit.framework; sourceTree = SDKROOT; };
		A883FCC81B8B7580002D273A /* PTMapViewController.swift */ = {isa = PBXFileReference; fileEncoding = 4; lastKnownFileType = sourcecode.swift; path = PTMapViewController.swift; sourceTree = "<group>"; };
		A88E56351B5FD9C600170159 /* TSClient.swift */ = {isa = PBXFileReference; fileEncoding = 4; lastKnownFileType = sourcecode.swift; path = TSClient.swift; sourceTree = "<group>"; };
		A88E56371B5FDB9400170159 /* CoreDataStack.swift */ = {isa = PBXFileReference; fileEncoding = 4; lastKnownFileType = sourcecode.swift; path = CoreDataStack.swift; sourceTree = "<group>"; };
		A88E56391B5FDBCB00170159 /* TSData.swift */ = {isa = PBXFileReference; fileEncoding = 4; lastKnownFileType = sourcecode.swift; path = TSData.swift; sourceTree = "<group>"; };
		A8AF79E61B78E9E6004A1619 /* TherapyRxViewController.swift */ = {isa = PBXFileReference; fileEncoding = 4; lastKnownFileType = sourcecode.swift; path = TherapyRxViewController.swift; sourceTree = "<group>"; };
		A8B4AE8D1BB42B000049EA0D /* PTPractice.swift */ = {isa = PBXFileReference; fileEncoding = 4; lastKnownFileType = sourcecode.swift; path = PTPractice.swift; sourceTree = "<group>"; };
		A8B561111B752615008B9B1C /* Images.xcassets */ = {isa = PBXFileReference; lastKnownFileType = folder.assetcatalog; name = Images.xcassets; path = TheraScript.xcodeproj/Images.xcassets; sourceTree = SOURCE_ROOT; };
		A8DA468A1B559D8900FFC950 /* TheraScript.app */ = {isa = PBXFileReference; explicitFileType = wrapper.application; includeInIndex = 0; path = TheraScript.app; sourceTree = BUILT_PRODUCTS_DIR; };
		A8DA468E1B559D8900FFC950 /* Info.plist */ = {isa = PBXFileReference; lastKnownFileType = text.plist.xml; path = Info.plist; sourceTree = "<group>"; };
		A8DA468F1B559D8900FFC950 /* AppDelegate.swift */ = {isa = PBXFileReference; lastKnownFileType = sourcecode.swift; path = AppDelegate.swift; sourceTree = "<group>"; };
		A8DA46921B559D8900FFC950 /* TheraScript.xcdatamodel */ = {isa = PBXFileReference; lastKnownFileType = wrapper.xcdatamodel; path = TheraScript.xcdatamodel; sourceTree = "<group>"; };
		A8DA46941B559D8900FFC950 /* InfoViewController.swift */ = {isa = PBXFileReference; lastKnownFileType = sourcecode.swift; path = InfoViewController.swift; sourceTree = "<group>"; };
		A8DA46971B559D8A00FFC950 /* Base */ = {isa = PBXFileReference; lastKnownFileType = file.storyboard; name = Base; path = Base.lproj/Main.storyboard; sourceTree = "<group>"; };
		A8DA469C1B559D8A00FFC950 /* Base */ = {isa = PBXFileReference; lastKnownFileType = file.xib; name = Base; path = Base.lproj/LaunchScreen.xib; sourceTree = "<group>"; };
		A8DA46A21B559D8A00FFC950 /* TheraScriptTests.xctest */ = {isa = PBXFileReference; explicitFileType = wrapper.cfbundle; includeInIndex = 0; path = TheraScriptTests.xctest; sourceTree = BUILT_PRODUCTS_DIR; };
		A8DA46A71B559D8A00FFC950 /* Info.plist */ = {isa = PBXFileReference; lastKnownFileType = text.plist.xml; path = Info.plist; sourceTree = "<group>"; };
		A8DA46A81B559D8A00FFC950 /* TheraScriptTests.swift */ = {isa = PBXFileReference; lastKnownFileType = sourcecode.swift; path = TheraScriptTests.swift; sourceTree = "<group>"; };
		A8DDC6D21BB1E42800550E1B /* GeneratorViewController.swift */ = {isa = PBXFileReference; fileEncoding = 4; lastKnownFileType = sourcecode.swift; path = GeneratorViewController.swift; sourceTree = "<group>"; };
		A8E800641B94FE9200C0E5A1 /* ManualPTViewController.swift */ = {isa = PBXFileReference; fileEncoding = 4; lastKnownFileType = sourcecode.swift; path = ManualPTViewController.swift; sourceTree = "<group>"; };
		A8EB04801D64BDF400E7CDDB /* EditFavoriteViewController.swift */ = {isa = PBXFileReference; fileEncoding = 4; lastKnownFileType = sourcecode.swift; path = EditFavoriteViewController.swift; sourceTree = "<group>"; };
/* End PBXFileReference section */

/* Begin PBXFrameworksBuildPhase section */
		A8DA46871B559D8900FFC950 /* Frameworks */ = {
			isa = PBXFrameworksBuildPhase;
			buildActionMask = 2147483647;
			files = (
				A876CB311B71059E001CE997 /* MapKit.framework in Frameworks */,
			);
			runOnlyForDeploymentPostprocessing = 0;
		};
		A8DA469F1B559D8A00FFC950 /* Frameworks */ = {
			isa = PBXFrameworksBuildPhase;
			buildActionMask = 2147483647;
			files = (
			);
			runOnlyForDeploymentPostprocessing = 0;
		};
/* End PBXFrameworksBuildPhase section */

/* Begin PBXGroup section */
		A8DA46811B559D8900FFC950 = {
			isa = PBXGroup;
			children = (
				A876CB301B71059E001CE997 /* MapKit.framework */,
				A8DA468C1B559D8900FFC950 /* TheraScript */,
				A8DA46A51B559D8A00FFC950 /* TheraScriptTests */,
				A8DA468B1B559D8900FFC950 /* Products */,
			);
			sourceTree = "<group>";
		};
		A8DA468B1B559D8900FFC950 /* Products */ = {
			isa = PBXGroup;
			children = (
				A8DA468A1B559D8900FFC950 /* TheraScript.app */,
				A8DA46A21B559D8A00FFC950 /* TheraScriptTests.xctest */,
			);
			name = Products;
			sourceTree = "<group>";
		};
		A8DA468C1B559D8900FFC950 /* TheraScript */ = {
			isa = PBXGroup;
			children = (
				A8DA468F1B559D8900FFC950 /* AppDelegate.swift */,
				A81EB9A21BCD6DD400B06349 /* AddFavoriteViewController.swift */,
				A8EB04801D64BDF400E7CDDB /* EditFavoriteViewController.swift */,
				A88E56371B5FDB9400170159 /* CoreDataStack.swift */,
				A84526981B837CDB00515D70 /* DiagnosisViewController.swift */,
				A8DDC6D21BB1E42800550E1B /* GeneratorViewController.swift */,
				A81473861D6B6AE40070938C /* RxGeneratorViewController.swift */,
				A84AC50D1B5D751700AEBEE1 /* IconViewController.swift */,
				A81A26451B680C35004B6F25 /* ImageCache.swift */,
				A8DA46941B559D8900FFC950 /* InfoViewController.swift */,
				A82D22F41BD008A200FB1EF4 /* ManageFavoritesTableViewController.swift */,
				A8E800641B94FE9200C0E5A1 /* ManualPTViewController.swift */,
				A874DFD61B960D9700C16A6C /* PTFavoritesViewController.swift */,
				A883FCC81B8B7580002D273A /* PTMapViewController.swift */,
				A8B4AE8D1BB42B000049EA0D /* PTPractice.swift */,
				A8719FB01B61418B00913FCD /* RxViewController.swift */,
				A8AF79E61B78E9E6004A1619 /* TherapyRxViewController.swift */,
				A88E56351B5FD9C600170159 /* TSClient.swift */,
				A88E56391B5FDBCB00170159 /* TSData.swift */,
				A8B561111B752615008B9B1C /* Images.xcassets */,
				A8DA46961B559D8A00FFC950 /* Main.storyboard */,
				A8DA469B1B559D8A00FFC950 /* LaunchScreen.xib */,
				A8DA46911B559D8900FFC950 /* TheraScript.xcdatamodeld */,
				A8DA468D1B559D8900FFC950 /* Supporting Files */,
			);
			path = TheraScript;
			sourceTree = "<group>";
		};
		A8DA468D1B559D8900FFC950 /* Supporting Files */ = {
			isa = PBXGroup;
			children = (
				A8DA468E1B559D8900FFC950 /* Info.plist */,
			);
			name = "Supporting Files";
			sourceTree = "<group>";
		};
		A8DA46A51B559D8A00FFC950 /* TheraScriptTests */ = {
			isa = PBXGroup;
			children = (
				A8DA46A81B559D8A00FFC950 /* TheraScriptTests.swift */,
				A8DA46A61B559D8A00FFC950 /* Supporting Files */,
			);
			path = TheraScriptTests;
			sourceTree = "<group>";
		};
		A8DA46A61B559D8A00FFC950 /* Supporting Files */ = {
			isa = PBXGroup;
			children = (
				A8DA46A71B559D8A00FFC950 /* Info.plist */,
			);
			name = "Supporting Files";
			sourceTree = "<group>";
		};
/* End PBXGroup section */

/* Begin PBXNativeTarget section */
		A8DA46891B559D8900FFC950 /* TheraScript */ = {
			isa = PBXNativeTarget;
			buildConfigurationList = A8DA46AC1B559D8A00FFC950 /* Build configuration list for PBXNativeTarget "TheraScript" */;
			buildPhases = (
				A8DA46861B559D8900FFC950 /* Sources */,
				A8DA46871B559D8900FFC950 /* Frameworks */,
				A8DA46881B559D8900FFC950 /* Resources */,
			);
			buildRules = (
			);
			dependencies = (
			);
			name = TheraScript;
			productName = TheraScript;
			productReference = A8DA468A1B559D8900FFC950 /* TheraScript.app */;
			productType = "com.apple.product-type.application";
		};
		A8DA46A11B559D8A00FFC950 /* TheraScriptTests */ = {
			isa = PBXNativeTarget;
			buildConfigurationList = A8DA46AF1B559D8A00FFC950 /* Build configuration list for PBXNativeTarget "TheraScriptTests" */;
			buildPhases = (
				A8DA469E1B559D8A00FFC950 /* Sources */,
				A8DA469F1B559D8A00FFC950 /* Frameworks */,
				A8DA46A01B559D8A00FFC950 /* Resources */,
			);
			buildRules = (
			);
			dependencies = (
				A8DA46A41B559D8A00FFC950 /* PBXTargetDependency */,
			);
			name = TheraScriptTests;
			productName = TheraScriptTests;
			productReference = A8DA46A21B559D8A00FFC950 /* TheraScriptTests.xctest */;
			productType = "com.apple.product-type.bundle.unit-test";
		};
/* End PBXNativeTarget section */

/* Begin PBXProject section */
		A8DA46821B559D8900FFC950 /* Project object */ = {
			isa = PBXProject;
			attributes = {
				LastSwiftMigration = 0700;
				LastSwiftUpdateCheck = 0700;
				LastUpgradeCheck = 0700;
				ORGANIZATIONNAME = "Infinite Loop, LLC";
				TargetAttributes = {
					A8DA46891B559D8900FFC950 = {
						CreatedOnToolsVersion = 6.3.2;
						DevelopmentTeam = R4CSQ4K5G8;
						SystemCapabilities = {
							com.apple.Maps.iOS = {
								enabled = 1;
							};
						};
					};
					A8DA46A11B559D8A00FFC950 = {
						CreatedOnToolsVersion = 6.3.2;
						TestTargetID = A8DA46891B559D8900FFC950;
					};
				};
			};
			buildConfigurationList = A8DA46851B559D8900FFC950 /* Build configuration list for PBXProject "TheraScript" */;
			compatibilityVersion = "Xcode 3.2";
			developmentRegion = English;
			hasScannedForEncodings = 0;
			knownRegions = (
				en,
				Base,
			);
			mainGroup = A8DA46811B559D8900FFC950;
			productRefGroup = A8DA468B1B559D8900FFC950 /* Products */;
			projectDirPath = "";
			projectRoot = "";
			targets = (
				A8DA46891B559D8900FFC950 /* TheraScript */,
				A8DA46A11B559D8A00FFC950 /* TheraScriptTests */,
			);
		};
/* End PBXProject section */

/* Begin PBXResourcesBuildPhase section */
		A8DA46881B559D8900FFC950 /* Resources */ = {
			isa = PBXResourcesBuildPhase;
			buildActionMask = 2147483647;
			files = (
				A8B561121B752615008B9B1C /* Images.xcassets in Resources */,
				A8DA46981B559D8A00FFC950 /* Main.storyboard in Resources */,
				A8DA469D1B559D8A00FFC950 /* LaunchScreen.xib in Resources */,
			);
			runOnlyForDeploymentPostprocessing = 0;
		};
		A8DA46A01B559D8A00FFC950 /* Resources */ = {
			isa = PBXResourcesBuildPhase;
			buildActionMask = 2147483647;
			files = (
			);
			runOnlyForDeploymentPostprocessing = 0;
		};
/* End PBXResourcesBuildPhase section */

/* Begin PBXSourcesBuildPhase section */
		A8DA46861B559D8900FFC950 /* Sources */ = {
			isa = PBXSourcesBuildPhase;
			buildActionMask = 2147483647;
			files = (
				A8E800651B94FE9200C0E5A1 /* ManualPTViewController.swift in Sources */,
				A8DDC6D31BB1E42800550E1B /* GeneratorViewController.swift in Sources */,
				A82D22F51BD008A200FB1EF4 /* ManageFavoritesTableViewController.swift in Sources */,
				A81EB9A31BCD6DD400B06349 /* AddFavoriteViewController.swift in Sources */,
				A874DFD71B960D9700C16A6C /* PTFavoritesViewController.swift in Sources */,
				A883FCC91B8B7580002D273A /* PTMapViewController.swift in Sources */,
				A8AF79E71B78E9E6004A1619 /* TherapyRxViewController.swift in Sources */,
				A8DA46951B559D8900FFC950 /* InfoViewController.swift in Sources */,
				A88E563A1B5FDBCB00170159 /* TSData.swift in Sources */,
				A8719FB11B61418B00913FCD /* RxViewController.swift in Sources */,
				A8EB04811D64BDF400E7CDDB /* EditFavoriteViewController.swift in Sources */,
				A81A26461B680C35004B6F25 /* ImageCache.swift in Sources */,
				A8DA46901B559D8900FFC950 /* AppDelegate.swift in Sources */,
				A8B4AE8E1BB42B000049EA0D /* PTPractice.swift in Sources */,
				A81473871D6B6AE40070938C /* RxGeneratorViewController.swift in Sources */,
				A8DA46931B559D8900FFC950 /* TheraScript.xcdatamodeld in Sources */,
				A84526991B837CDB00515D70 /* DiagnosisViewController.swift in Sources */,
				A88E56381B5FDB9400170159 /* CoreDataStack.swift in Sources */,
				A84AC50E1B5D751700AEBEE1 /* IconViewController.swift in Sources */,
				A88E56361B5FD9C600170159 /* TSClient.swift in Sources */,
			);
			runOnlyForDeploymentPostprocessing = 0;
		};
		A8DA469E1B559D8A00FFC950 /* Sources */ = {
			isa = PBXSourcesBuildPhase;
			buildActionMask = 2147483647;
			files = (
				A8DA46A91B559D8A00FFC950 /* TheraScriptTests.swift in Sources */,
			);
			runOnlyForDeploymentPostprocessing = 0;
		};
/* End PBXSourcesBuildPhase section */

/* Begin PBXTargetDependency section */
		A8DA46A41B559D8A00FFC950 /* PBXTargetDependency */ = {
			isa = PBXTargetDependency;
			target = A8DA46891B559D8900FFC950 /* TheraScript */;
			targetProxy = A8DA46A31B559D8A00FFC950 /* PBXContainerItemProxy */;
		};
/* End PBXTargetDependency section */

/* Begin PBXVariantGroup section */
		A8DA46961B559D8A00FFC950 /* Main.storyboard */ = {
			isa = PBXVariantGroup;
			children = (
				A8DA46971B559D8A00FFC950 /* Base */,
			);
			name = Main.storyboard;
			sourceTree = "<group>";
		};
		A8DA469B1B559D8A00FFC950 /* LaunchScreen.xib */ = {
			isa = PBXVariantGroup;
			children = (
				A8DA469C1B559D8A00FFC950 /* Base */,
			);
			name = LaunchScreen.xib;
			sourceTree = "<group>";
		};
/* End PBXVariantGroup section */

/* Begin XCBuildConfiguration section */
		A8DA46AA1B559D8A00FFC950 /* Debug */ = {
			isa = XCBuildConfiguration;
			buildSettings = {
				ALWAYS_SEARCH_USER_PATHS = NO;
				CLANG_CXX_LANGUAGE_STANDARD = "gnu++0x";
				CLANG_CXX_LIBRARY = "libc++";
				CLANG_ENABLE_MODULES = YES;
				CLANG_ENABLE_OBJC_ARC = YES;
				CLANG_WARN_BOOL_CONVERSION = YES;
				CLANG_WARN_CONSTANT_CONVERSION = YES;
				CLANG_WARN_DIRECT_OBJC_ISA_USAGE = YES_ERROR;
				CLANG_WARN_EMPTY_BODY = YES;
				CLANG_WARN_ENUM_CONVERSION = YES;
				CLANG_WARN_INT_CONVERSION = YES;
				CLANG_WARN_OBJC_ROOT_CLASS = YES_ERROR;
				CLANG_WARN_UNREACHABLE_CODE = YES;
				CLANG_WARN__DUPLICATE_METHOD_MATCH = YES;
				CODE_SIGN_IDENTITY = "iPhone Distribution: Infinite Loop, LLC (R4CSQ4K5G8)";
				"CODE_SIGN_IDENTITY[sdk=iphoneos*]" = "iPhone Distribution: Infinite Loop, LLC (R4CSQ4K5G8)";
				COPY_PHASE_STRIP = NO;
				DEBUG_INFORMATION_FORMAT = "dwarf-with-dsym";
				ENABLE_STRICT_OBJC_MSGSEND = YES;
				ENABLE_TESTABILITY = YES;
				GCC_C_LANGUAGE_STANDARD = gnu99;
				GCC_DYNAMIC_NO_PIC = NO;
				GCC_NO_COMMON_BLOCKS = YES;
				GCC_OPTIMIZATION_LEVEL = 0;
				GCC_PREPROCESSOR_DEFINITIONS = (
					"DEBUG=1",
					"$(inherited)",
				);
				GCC_SYMBOLS_PRIVATE_EXTERN = NO;
				GCC_WARN_64_TO_32_BIT_CONVERSION = YES;
				GCC_WARN_ABOUT_RETURN_TYPE = YES_ERROR;
				GCC_WARN_UNDECLARED_SELECTOR = YES;
				GCC_WARN_UNINITIALIZED_AUTOS = YES_AGGRESSIVE;
				GCC_WARN_UNUSED_FUNCTION = YES;
				GCC_WARN_UNUSED_VARIABLE = YES;
				IPHONEOS_DEPLOYMENT_TARGET = 8.3;
				MTL_ENABLE_DEBUG_INFO = YES;
				ONLY_ACTIVE_ARCH = YES;
				SDKROOT = iphoneos;
				SWIFT_OPTIMIZATION_LEVEL = "-Onone";
			};
			name = Debug;
		};
		A8DA46AB1B559D8A00FFC950 /* Release */ = {
			isa = XCBuildConfiguration;
			buildSettings = {
				ALWAYS_SEARCH_USER_PATHS = NO;
				CLANG_CXX_LANGUAGE_STANDARD = "gnu++0x";
				CLANG_CXX_LIBRARY = "libc++";
				CLANG_ENABLE_MODULES = YES;
				CLANG_ENABLE_OBJC_ARC = YES;
				CLANG_WARN_BOOL_CONVERSION = YES;
				CLANG_WARN_CONSTANT_CONVERSION = YES;
				CLANG_WARN_DIRECT_OBJC_ISA_USAGE = YES_ERROR;
				CLANG_WARN_EMPTY_BODY = YES;
				CLANG_WARN_ENUM_CONVERSION = YES;
				CLANG_WARN_INT_CONVERSION = YES;
				CLANG_WARN_OBJC_ROOT_CLASS = YES_ERROR;
				CLANG_WARN_UNREACHABLE_CODE = YES;
				CLANG_WARN__DUPLICATE_METHOD_MATCH = YES;
				CODE_SIGN_IDENTITY = "iPhone Distribution: Infinite Loop, LLC (R4CSQ4K5G8)";
				"CODE_SIGN_IDENTITY[sdk=iphoneos*]" = "iPhone Distribution: Infinite Loop, LLC (R4CSQ4K5G8)";
				COPY_PHASE_STRIP = NO;
				DEBUG_INFORMATION_FORMAT = "dwarf-with-dsym";
				ENABLE_NS_ASSERTIONS = NO;
				ENABLE_STRICT_OBJC_MSGSEND = YES;
				GCC_C_LANGUAGE_STANDARD = gnu99;
				GCC_NO_COMMON_BLOCKS = YES;
				GCC_WARN_64_TO_32_BIT_CONVERSION = YES;
				GCC_WARN_ABOUT_RETURN_TYPE = YES_ERROR;
				GCC_WARN_UNDECLARED_SELECTOR = YES;
				GCC_WARN_UNINITIALIZED_AUTOS = YES_AGGRESSIVE;
				GCC_WARN_UNUSED_FUNCTION = YES;
				GCC_WARN_UNUSED_VARIABLE = YES;
				IPHONEOS_DEPLOYMENT_TARGET = 8.3;
				MTL_ENABLE_DEBUG_INFO = NO;
				SDKROOT = iphoneos;
				VALIDATE_PRODUCT = YES;
			};
			name = Release;
		};
		A8DA46AD1B559D8A00FFC950 /* Debug */ = {
			isa = XCBuildConfiguration;
			buildSettings = {
				ASSETCATALOG_COMPILER_APPICON_NAME = AppIcon;
				CODE_SIGN_IDENTITY = "iPhone Developer";
				"CODE_SIGN_IDENTITY[sdk=iphoneos*]" = "iPhone Developer";
				INFOPLIST_FILE = TheraScript/Info.plist;
				IPHONEOS_DEPLOYMENT_TARGET = 9.0;
				LD_RUNPATH_SEARCH_PATHS = "$(inherited) @executable_path/Frameworks";
				PRODUCT_BUNDLE_IDENTIFIER = "com.infiniteloop-slc.$(PRODUCT_NAME:rfc1034identifier)";
				PRODUCT_NAME = "$(TARGET_NAME)";
				PROVISIONING_PROFILE = "";
			};
			name = Debug;
		};
		A8DA46AE1B559D8A00FFC950 /* Release */ = {
			isa = XCBuildConfiguration;
			buildSettings = {
				ASSETCATALOG_COMPILER_APPICON_NAME = AppIcon;
				CODE_SIGN_IDENTITY = "iPhone Developer";
				"CODE_SIGN_IDENTITY[sdk=iphoneos*]" = "iPhone Developer";
				INFOPLIST_FILE = TheraScript/Info.plist;
				IPHONEOS_DEPLOYMENT_TARGET = 9.0;
				LD_RUNPATH_SEARCH_PATHS = "$(inherited) @executable_path/Frameworks";
				PRODUCT_BUNDLE_IDENTIFIER = "com.infiniteloop-slc.$(PRODUCT_NAME:rfc1034identifier)";
				PRODUCT_NAME = "$(TARGET_NAME)";
				PROVISIONING_PROFILE = "";
			};
			name = Release;
		};
		A8DA46B01B559D8A00FFC950 /* Debug */ = {
			isa = XCBuildConfiguration;
			buildSettings = {
				BUNDLE_LOADER = "$(TEST_HOST)";
				GCC_PREPROCESSOR_DEFINITIONS = (
					"DEBUG=1",
					"$(inherited)",
				);
				INFOPLIST_FILE = TheraScriptTests/Info.plist;
				LD_RUNPATH_SEARCH_PATHS = "$(inherited) @executable_path/Frameworks @loader_path/Frameworks";
				PRODUCT_BUNDLE_IDENTIFIER = "com.infiniteloop-slc.$(PRODUCT_NAME:rfc1034identifier)";
				PRODUCT_NAME = "$(TARGET_NAME)";
				TEST_HOST = "$(BUILT_PRODUCTS_DIR)/TheraScript.app/TheraScript";
			};
			name = Debug;
		};
		A8DA46B11B559D8A00FFC950 /* Release */ = {
			isa = XCBuildConfiguration;
			buildSettings = {
				BUNDLE_LOADER = "$(TEST_HOST)";
				INFOPLIST_FILE = TheraScriptTests/Info.plist;
				LD_RUNPATH_SEARCH_PATHS = "$(inherited) @executable_path/Frameworks @loader_path/Frameworks";
				PRODUCT_BUNDLE_IDENTIFIER = "com.infiniteloop-slc.$(PRODUCT_NAME:rfc1034identifier)";
				PRODUCT_NAME = "$(TARGET_NAME)";
				TEST_HOST = "$(BUILT_PRODUCTS_DIR)/TheraScript.app/TheraScript";
			};
			name = Release;
		};
/* End XCBuildConfiguration section */

/* Begin XCConfigurationList section */
		A8DA46851B559D8900FFC950 /* Build configuration list for PBXProject "TheraScript" */ = {
			isa = XCConfigurationList;
			buildConfigurations = (
				A8DA46AA1B559D8A00FFC950 /* Debug */,
				A8DA46AB1B559D8A00FFC950 /* Release */,
			);
			defaultConfigurationIsVisible = 0;
			defaultConfigurationName = Release;
		};
		A8DA46AC1B559D8A00FFC950 /* Build configuration list for PBXNativeTarget "TheraScript" */ = {
			isa = XCConfigurationList;
			buildConfigurations = (
				A8DA46AD1B559D8A00FFC950 /* Debug */,
				A8DA46AE1B559D8A00FFC950 /* Release */,
			);
			defaultConfigurationIsVisible = 0;
			defaultConfigurationName = Release;
		};
		A8DA46AF1B559D8A00FFC950 /* Build configuration list for PBXNativeTarget "TheraScriptTests" */ = {
			isa = XCConfigurationList;
			buildConfigurations = (
				A8DA46B01B559D8A00FFC950 /* Debug */,
				A8DA46B11B559D8A00FFC950 /* Release */,
			);
			defaultConfigurationIsVisible = 0;
			defaultConfigurationName = Release;
		};
/* End XCConfigurationList section */

/* Begin XCVersionGroup section */
		A8DA46911B559D8900FFC950 /* TheraScript.xcdatamodeld */ = {
			isa = XCVersionGroup;
			children = (
				A8DA46921B559D8900FFC950 /* TheraScript.xcdatamodel */,
			);
			currentVersion = A8DA46921B559D8900FFC950 /* TheraScript.xcdatamodel */;
			path = TheraScript.xcdatamodeld;
			sourceTree = "<group>";
			versionGroupType = wrapper.xcdatamodel;
		};
/* End XCVersionGroup section */
	};
	rootObject = A8DA46821B559D8900FFC950 /* Project object */;
}
